
Microsoft Visual Studio Solution File, Format Version 12.00
# Visual Studio Version 17
VisualStudioVersion = 17.12.35527.113 d17.12
MinimumVisualStudioVersion = 10.0.40219.1
Project("{FAE04EC0-301F-11D3-BF4B-00C04F79EFBC}") = "09. Weather App with Layout", "09. Weather App with Layout\09. Weather App with Layout.csproj", "{8715AB7C-900B-4840-A1D0-EDFA14219A7D}"
EndProject
Global
	GlobalSection(SolutionConfigurationPlatforms) = preSolution
		Debug|Any CPU = Debug|Any CPU
		Release|Any CPU = Release|Any CPU
	EndGlobalSection
	GlobalSection(ProjectConfigurationPlatforms) = postSolution
		{8715AB7C-900B-4840-A1D0-EDFA14219A7D}.Debug|Any CPU.ActiveCfg = Debug|Any CPU
		{8715AB7C-900B-4840-A1D0-EDFA14219A7D}.Debug|Any CPU.Build.0 = Debug|Any CPU
		{8715AB7C-900B-4840-A1D0-EDFA14219A7D}.Release|Any CPU.ActiveCfg = Release|Any CPU
		{8715AB7C-900B-4840-A1D0-EDFA14219A7D}.Release|Any CPU.Build.0 = Release|Any CPU
	EndGlobalSection
	GlobalSection(SolutionProperties) = preSolution
		HideSolutionNode = FALSE
	EndGlobalSection
EndGlobal
